
<Solution>
  <Project Path="src/FileStorage.Api/FileStorage.Api.csproj" />
  <Project Path="src/FileStorage.Domain/FileStorage.Domain.csproj" />
  <Project Path="src/FileStorage.Application/FileStorage.Application.csproj" />
  <Project Path="src/FileStorage.Infrastructure/FileStorage.Infrastructure.csproj" />
</Solution>